
Microsoft Visual Studio Solution File, Format Version 12.00
# Visual Studio Version 16
VisualStudioVersion = 16.0.31025.194
MinimumVisualStudioVersion = 10.0.40219.1
Project("{FAE04EC0-301F-11D3-BF4B-00C04F79EFBC}") = "SolarES", "SolarES\SolarES.csproj", "{7AA5F4C4-9B2F-414C-9F8E-3C6964B07817}"
EndProject
Global
	GlobalSection(SolutionConfigurationPlatforms) = preSolution
		Debug|Any CPU = Debug|Any CPU
		Release|Any CPU = Release|Any CPU
	EndGlobalSection
	GlobalSection(ProjectConfigurationPlatforms) = postSolution
		{7AA5F4C4-9B2F-414C-9F8E-3C6964B07817}.Debug|Any CPU.ActiveCfg = Debug|Any CPU
		{7AA5F4C4-9B2F-414C-9F8E-3C6964B07817}.Debug|Any CPU.Build.0 = Debug|Any CPU
		{7AA5F4C4-9B2F-414C-9F8E-3C6964B07817}.Release|Any CPU.ActiveCfg = Release|Any CPU
		{7AA5F4C4-9B2F-414C-9F8E-3C6964B07817}.Release|Any CPU.Build.0 = Release|Any CPU
	EndGlobalSection
	GlobalSection(SolutionProperties) = preSolution
		HideSolutionNode = FALSE
	EndGlobalSection
	GlobalSection(ExtensibilityGlobals) = postSolution
		SolutionGuid = {CE8F62D8-B2AF-45CA-9410-A7636F4182C5}
	EndGlobalSection
EndGlobal
